
Microsoft Visual Studio Solution File, Format Version 12.00
# Visual Studio Version 17
VisualStudioVersion = 17.6.33712.159
MinimumVisualStudioVersion = 10.0.40219.1
Project("{2150E333-8FDC-42A3-9474-1A3956D46DE8}") = "src", "src", "{B7E32CD3-1B24-4CD3-8051-6133A6FCC158}"
EndProject
Project("{2150E333-8FDC-42A3-9474-1A3956D46DE8}") = "Building Blocks", "Building Blocks", "{FE29A536-1DB0-4A6F-85D9-B3C3A3968CB6}"
EndProject
Project("{2150E333-8FDC-42A3-9474-1A3956D46DE8}") = "Web", "Web", "{D220586D-6D33-4055-A20F-775BD6806E80}"
EndProject
Project("{2150E333-8FDC-42A3-9474-1A3956D46DE8}") = "Services", "Services", "{A67ED32B-4307-4926-ADE9-199A050E771A}"
EndProject
Project("{2150E333-8FDC-42A3-9474-1A3956D46DE8}") = "Identidade", "Identidade", "{537CF12D-185A-4364-8C0A-1C75374C3C84}"
EndProject
Project("{9A19103F-16F7-4668-BE54-9A1E7A4F7556}") = "NSE.Identidade.API", "src\services\NSE.Identidade.API\NSE.Identidade.API.csproj", "{23842CF8-1AA9-4D53-A824-7D68711A8765}"
EndProject
Project("{2150E333-8FDC-42A3-9474-1A3956D46DE8}") = "MVC", "MVC", "{4AE74C99-E171-444A-B5D5-7CD7AD844560}"
EndProject
Project("{2150E333-8FDC-42A3-9474-1A3956D46DE8}") = "Core", "Core", "{13524908-DD2A-4712-8499-ED34DB6DA35A}"
EndProject
Project("{9A19103F-16F7-4668-BE54-9A1E7A4F7556}") = "NSE.Core", "src\building blocks\NSE.Core\NSE.Core.csproj", "{C6858250-3BCF-4F11-B1D5-1817F5B63CA9}"
EndProject
Project("{2150E333-8FDC-42A3-9474-1A3956D46DE8}") = "Carrinho", "Carrinho", "{D5B696E9-20D0-444A-B795-92D9CEBC71FD}"
EndProject
Project("{9A19103F-16F7-4668-BE54-9A1E7A4F7556}") = "NSE.Carrinho.API", "src\services\NSE.Carrinho.API\NSE.Carrinho.API.csproj", "{7D23B4EE-3907-4634-8FFB-E9D2FA79AEDB}"
EndProject
Project("{2150E333-8FDC-42A3-9474-1A3956D46DE8}") = "Catalogo", "Catalogo", "{085BDF99-CDB7-4AB9-A7EA-5BE9FA499179}"
EndProject
Project("{9A19103F-16F7-4668-BE54-9A1E7A4F7556}") = "NSE.Catalogo.API", "src\services\NSE.Catalogo.API\NSE.Catalogo.API.csproj", "{A5417681-8A55-4AD0-8761-6E597E7D95EC}"
EndProject
Project("{2150E333-8FDC-42A3-9474-1A3956D46DE8}") = "Cliente", "Cliente", "{31DBB934-7141-441A-8790-D10D0E544717}"
EndProject
Project("{9A19103F-16F7-4668-BE54-9A1E7A4F7556}") = "NSE.Clientes.API", "src\services\NSE.CLiente.API\NSE.Clientes.API.csproj", "{1E691BA5-2C76-4BFE-8797-959B3C9E16C2}"
EndProject
Project("{2150E333-8FDC-42A3-9474-1A3956D46DE8}") = "Pagamento", "Pagamento", "{E1C02406-8B46-4C97-84B8-3848515A3BF9}"
EndProject
Project("{2150E333-8FDC-42A3-9474-1A3956D46DE8}") = "Pedido", "Pedido", "{606F01F3-C3D4-4397-B4D6-77014DBD61C2}"
EndProject
Project("{9A19103F-16F7-4668-BE54-9A1E7A4F7556}") = "NSE.Pagamento.API", "src\services\NSE.Pagamento.API\NSE.Pagamento.API.csproj", "{00214A84-47F2-4D5D-8726-FBCA0A47FBBB}"
EndProject
Project("{9A19103F-16F7-4668-BE54-9A1E7A4F7556}") = "NSE.Pedido.API", "src\services\NSE.Pedido.API\NSE.Pedido.API.csproj", "{29CB09E8-2865-44F6-97D1-B2C1ECF31869}"
EndProject
Project("{9A19103F-16F7-4668-BE54-9A1E7A4F7556}") = "NSE.WebApp.MVC", "src\web\NSE.WebApp.MVC\NSE.WebApp.MVC.csproj", "{1992C400-ED66-48D1-BAD6-8EC22D2DCE0D}"
EndProject
Project("{2150E333-8FDC-42A3-9474-1A3956D46DE8}") = "Services", "Services", "{03224771-11E1-4A1C-96CD-0796CBB0883D}"
EndProject
Project("{9A19103F-16F7-4668-BE54-9A1E7A4F7556}") = "NSE.WebApi.Core", "src\building blocks\NSE.WebApi.Core\NSE.WebApi.Core.csproj", "{3A3D9BC0-B384-476D-9D2D-036D240FB7AB}"
EndProject
Global
	GlobalSection(SolutionConfigurationPlatforms) = preSolution
		Debug|Any CPU = Debug|Any CPU
		Release|Any CPU = Release|Any CPU
	EndGlobalSection
	GlobalSection(ProjectConfigurationPlatforms) = postSolution
		{23842CF8-1AA9-4D53-A824-7D68711A8765}.Debug|Any CPU.ActiveCfg = Debug|Any CPU
		{23842CF8-1AA9-4D53-A824-7D68711A8765}.Debug|Any CPU.Build.0 = Debug|Any CPU
		{23842CF8-1AA9-4D53-A824-7D68711A8765}.Release|Any CPU.ActiveCfg = Release|Any CPU
		{23842CF8-1AA9-4D53-A824-7D68711A8765}.Release|Any CPU.Build.0 = Release|Any CPU
		{C6858250-3BCF-4F11-B1D5-1817F5B63CA9}.Debug|Any CPU.ActiveCfg = Debug|Any CPU
		{C6858250-3BCF-4F11-B1D5-1817F5B63CA9}.Debug|Any CPU.Build.0 = Debug|Any CPU
		{C6858250-3BCF-4F11-B1D5-1817F5B63CA9}.Release|Any CPU.ActiveCfg = Release|Any CPU
		{C6858250-3BCF-4F11-B1D5-1817F5B63CA9}.Release|Any CPU.Build.0 = Release|Any CPU
		{7D23B4EE-3907-4634-8FFB-E9D2FA79AEDB}.Debug|Any CPU.ActiveCfg = Debug|Any CPU
		{7D23B4EE-3907-4634-8FFB-E9D2FA79AEDB}.Debug|Any CPU.Build.0 = Debug|Any CPU
		{7D23B4EE-3907-4634-8FFB-E9D2FA79AEDB}.Release|Any CPU.ActiveCfg = Release|Any CPU
		{7D23B4EE-3907-4634-8FFB-E9D2FA79AEDB}.Release|Any CPU.Build.0 = Release|Any CPU
		{A5417681-8A55-4AD0-8761-6E597E7D95EC}.Debug|Any CPU.ActiveCfg = Debug|Any CPU
		{A5417681-8A55-4AD0-8761-6E597E7D95EC}.Debug|Any CPU.Build.0 = Debug|Any CPU
		{A5417681-8A55-4AD0-8761-6E597E7D95EC}.Release|Any CPU.ActiveCfg = Release|Any CPU
		{A5417681-8A55-4AD0-8761-6E597E7D95EC}.Release|Any CPU.Build.0 = Release|Any CPU
		{1E691BA5-2C76-4BFE-8797-959B3C9E16C2}.Debug|Any CPU.ActiveCfg = Debug|Any CPU
		{1E691BA5-2C76-4BFE-8797-959B3C9E16C2}.Debug|Any CPU.Build.0 = Debug|Any CPU
		{1E691BA5-2C76-4BFE-8797-959B3C9E16C2}.Release|Any CPU.ActiveCfg = Release|Any CPU
		{1E691BA5-2C76-4BFE-8797-959B3C9E16C2}.Release|Any CPU.Build.0 = Release|Any CPU
		{00214A84-47F2-4D5D-8726-FBCA0A47FBBB}.Debug|Any CPU.ActiveCfg = Debug|Any CPU
		{00214A84-47F2-4D5D-8726-FBCA0A47FBBB}.Debug|Any CPU.Build.0 = Debug|Any CPU
		{00214A84-47F2-4D5D-8726-FBCA0A47FBBB}.Release|Any CPU.ActiveCfg = Release|Any CPU
		{00214A84-47F2-4D5D-8726-FBCA0A47FBBB}.Release|Any CPU.Build.0 = Release|Any CPU
		{29CB09E8-2865-44F6-97D1-B2C1ECF31869}.Debug|Any CPU.ActiveCfg = Debug|Any CPU
		{29CB09E8-2865-44F6-97D1-B2C1ECF31869}.Debug|Any CPU.Build.0 = Debug|Any CPU
		{29CB09E8-2865-44F6-97D1-B2C1ECF31869}.Release|Any CPU.ActiveCfg = Release|Any CPU
		{29CB09E8-2865-44F6-97D1-B2C1ECF31869}.Release|Any CPU.Build.0 = Release|Any CPU
		{1992C400-ED66-48D1-BAD6-8EC22D2DCE0D}.Debug|Any CPU.ActiveCfg = Debug|Any CPU
		{1992C400-ED66-48D1-BAD6-8EC22D2DCE0D}.Debug|Any CPU.Build.0 = Debug|Any CPU
		{1992C400-ED66-48D1-BAD6-8EC22D2DCE0D}.Release|Any CPU.ActiveCfg = Release|Any CPU
		{1992C400-ED66-48D1-BAD6-8EC22D2DCE0D}.Release|Any CPU.Build.0 = Release|Any CPU
		{3A3D9BC0-B384-476D-9D2D-036D240FB7AB}.Debug|Any CPU.ActiveCfg = Debug|Any CPU
		{3A3D9BC0-B384-476D-9D2D-036D240FB7AB}.Debug|Any CPU.Build.0 = Debug|Any CPU
		{3A3D9BC0-B384-476D-9D2D-036D240FB7AB}.Release|Any CPU.ActiveCfg = Release|Any CPU
		{3A3D9BC0-B384-476D-9D2D-036D240FB7AB}.Release|Any CPU.Build.0 = Release|Any CPU
	EndGlobalSection
	GlobalSection(SolutionProperties) = preSolution
		HideSolutionNode = FALSE
	EndGlobalSection
	GlobalSection(NestedProjects) = preSolution
		{FE29A536-1DB0-4A6F-85D9-B3C3A3968CB6} = {B7E32CD3-1B24-4CD3-8051-6133A6FCC158}
		{D220586D-6D33-4055-A20F-775BD6806E80} = {B7E32CD3-1B24-4CD3-8051-6133A6FCC158}
		{A67ED32B-4307-4926-ADE9-199A050E771A} = {B7E32CD3-1B24-4CD3-8051-6133A6FCC158}
		{537CF12D-185A-4364-8C0A-1C75374C3C84} = {A67ED32B-4307-4926-ADE9-199A050E771A}
		{23842CF8-1AA9-4D53-A824-7D68711A8765} = {537CF12D-185A-4364-8C0A-1C75374C3C84}
		{4AE74C99-E171-444A-B5D5-7CD7AD844560} = {D220586D-6D33-4055-A20F-775BD6806E80}
		{13524908-DD2A-4712-8499-ED34DB6DA35A} = {FE29A536-1DB0-4A6F-85D9-B3C3A3968CB6}
		{C6858250-3BCF-4F11-B1D5-1817F5B63CA9} = {13524908-DD2A-4712-8499-ED34DB6DA35A}
		{D5B696E9-20D0-444A-B795-92D9CEBC71FD} = {A67ED32B-4307-4926-ADE9-199A050E771A}
		{7D23B4EE-3907-4634-8FFB-E9D2FA79AEDB} = {D5B696E9-20D0-444A-B795-92D9CEBC71FD}
		{085BDF99-CDB7-4AB9-A7EA-5BE9FA499179} = {A67ED32B-4307-4926-ADE9-199A050E771A}
		{A5417681-8A55-4AD0-8761-6E597E7D95EC} = {085BDF99-CDB7-4AB9-A7EA-5BE9FA499179}
		{31DBB934-7141-441A-8790-D10D0E544717} = {A67ED32B-4307-4926-ADE9-199A050E771A}
		{1E691BA5-2C76-4BFE-8797-959B3C9E16C2} = {31DBB934-7141-441A-8790-D10D0E544717}
		{E1C02406-8B46-4C97-84B8-3848515A3BF9} = {A67ED32B-4307-4926-ADE9-199A050E771A}
		{606F01F3-C3D4-4397-B4D6-77014DBD61C2} = {A67ED32B-4307-4926-ADE9-199A050E771A}
		{00214A84-47F2-4D5D-8726-FBCA0A47FBBB} = {E1C02406-8B46-4C97-84B8-3848515A3BF9}
		{29CB09E8-2865-44F6-97D1-B2C1ECF31869} = {606F01F3-C3D4-4397-B4D6-77014DBD61C2}
		{1992C400-ED66-48D1-BAD6-8EC22D2DCE0D} = {4AE74C99-E171-444A-B5D5-7CD7AD844560}
		{03224771-11E1-4A1C-96CD-0796CBB0883D} = {FE29A536-1DB0-4A6F-85D9-B3C3A3968CB6}
		{3A3D9BC0-B384-476D-9D2D-036D240FB7AB} = {03224771-11E1-4A1C-96CD-0796CBB0883D}
	EndGlobalSection
	GlobalSection(ExtensibilityGlobals) = postSolution
		SolutionGuid = {C0E5CF76-F786-4FAF-A717-F074274647A0}
	EndGlobalSection
EndGlobal
